
Microsoft Visual Studio Solution File, Format Version 12.00
# Visual Studio 15
VisualStudioVersion = 15.0.33801.198
MinimumVisualStudioVersion = 10.0.40219.1
Project("{FAE04EC0-301F-11D3-BF4B-00C04F79EFBC}") = "libreria", "libreria\libreria.csproj", "{CBBF88CE-3F11-4780-997D-16E774496E47}"
EndProject
Project("{FAE04EC0-301F-11D3-BF4B-00C04F79EFBC}") = "capaLogica", "capaLogica\capaLogica.csproj", "{3758644F-2FCD-43F0-950A-7AB4668E9AEE}"
EndProject
Project("{FAE04EC0-301F-11D3-BF4B-00C04F79EFBC}") = "capaDatos", "capaDatos\capaDatos.csproj", "{5863E0A1-F894-4C79-9F46-F4E472428112}"
EndProject
Global
	GlobalSection(SolutionConfigurationPlatforms) = preSolution
		Debug|Any CPU = Debug|Any CPU
		Release|Any CPU = Release|Any CPU
	EndGlobalSection
	GlobalSection(ProjectConfigurationPlatforms) = postSolution
		{CBBF88CE-3F11-4780-997D-16E774496E47}.Debug|Any CPU.ActiveCfg = Debug|Any CPU
		{CBBF88CE-3F11-4780-997D-16E774496E47}.Debug|Any CPU.Build.0 = Debug|Any CPU
		{CBBF88CE-3F11-4780-997D-16E774496E47}.Release|Any CPU.ActiveCfg = Release|Any CPU
		{CBBF88CE-3F11-4780-997D-16E774496E47}.Release|Any CPU.Build.0 = Release|Any CPU
		{3758644F-2FCD-43F0-950A-7AB4668E9AEE}.Debug|Any CPU.ActiveCfg = Debug|Any CPU
		{3758644F-2FCD-43F0-950A-7AB4668E9AEE}.Debug|Any CPU.Build.0 = Debug|Any CPU
		{3758644F-2FCD-43F0-950A-7AB4668E9AEE}.Release|Any CPU.ActiveCfg = Release|Any CPU
		{3758644F-2FCD-43F0-950A-7AB4668E9AEE}.Release|Any CPU.Build.0 = Release|Any CPU
		{5863E0A1-F894-4C79-9F46-F4E472428112}.Debug|Any CPU.ActiveCfg = Debug|Any CPU
		{5863E0A1-F894-4C79-9F46-F4E472428112}.Debug|Any CPU.Build.0 = Debug|Any CPU
		{5863E0A1-F894-4C79-9F46-F4E472428112}.Release|Any CPU.ActiveCfg = Release|Any CPU
		{5863E0A1-F894-4C79-9F46-F4E472428112}.Release|Any CPU.Build.0 = Release|Any CPU
	EndGlobalSection
	GlobalSection(SolutionProperties) = preSolution
		HideSolutionNode = FALSE
	EndGlobalSection
	GlobalSection(ExtensibilityGlobals) = postSolution
		SolutionGuid = {0BB17378-B633-43EF-A5E8-E8C128650381}
	EndGlobalSection
EndGlobal
